// !$*UTF8*$!
{
	archiveVersion = 1;
	classes = {
	};
	objectVersion = 50;
	objects = {

/* Begin PBXBuildFile section */
		797890D42579BBB0008D044C /* AppDelegate.swift in Sources */ = {isa = PBXBuildFile; fileRef = 797890D32579BBB0008D044C /* AppDelegate.swift */; };
		797890D62579BBB0008D044C /* SceneDelegate.swift in Sources */ = {isa = PBXBuildFile; fileRef = 797890D52579BBB0008D044C /* SceneDelegate.swift */; };
		797890D82579BBB0008D044C /* ViewController.swift in Sources */ = {isa = PBXBuildFile; fileRef = 797890D72579BBB0008D044C /* ViewController.swift */; };
		797890DB2579BBB0008D044C /* Main.storyboard in Resources */ = {isa = PBXBuildFile; fileRef = 797890D92579BBB0008D044C /* Main.storyboard */; };
		797890DD2579BBB1008D044C /* Assets.xcassets in Resources */ = {isa = PBXBuildFile; fileRef = 797890DC2579BBB1008D044C /* Assets.xcassets */; };
		797890E02579BBB1008D044C /* LaunchScreen.storyboard in Resources */ = {isa = PBXBuildFile; fileRef = 797890DE2579BBB1008D044C /* LaunchScreen.storyboard */; };
		797890EA2579DA57008D044C /* img1.jpg in Resources */ = {isa = PBXBuildFile; fileRef = 797890E92579DA57008D044C /* img1.jpg */; };
		797890EC2579DA63008D044C /* img2.jpg in Resources */ = {isa = PBXBuildFile; fileRef = 797890EB2579DA63008D044C /* img2.jpg */; };
		797890EE2579DA69008D044C /* img3.jpg in Resources */ = {isa = PBXBuildFile; fileRef = 797890ED2579DA69008D044C /* img3.jpg */; };
		797890F22579DF6C008D044C /* ImageTapViewController.swift in Sources */ = {isa = PBXBuildFile; fileRef = 797890F12579DF6C008D044C /* ImageTapViewController.swift */; };
/* End PBXBuildFile section */

/* Begin PBXFileReference section */
		797890D02579BBB0008D044C /* SlideshowApp.app */ = {isa = PBXFileReference; explicitFileType = wrapper.application; includeInIndex = 0; path = SlideshowApp.app; sourceTree = BUILT_PRODUCTS_DIR; };
		797890D32579BBB0008D044C /* AppDelegate.swift */ = {isa = PBXFileReference; lastKnownFileType = sourcecode.swift; path = AppDelegate.swift; sourceTree = "<group>"; };
		797890D52579BBB0008D044C /* SceneDelegate.swift */ = {isa = PBXFileReference; lastKnownFileType = sourcecode.swift; path = SceneDelegate.swift; sourceTree = "<group>"; };
		797890D72579BBB0008D044C /* ViewController.swift */ = {isa = PBXFileReference; lastKnownFileType = sourcecode.swift; path = ViewController.swift; sourceTree = "<group>"; };
		797890DA2579BBB0008D044C /* Base */ = {isa = PBXFileReference; lastKnownFileType = file.storyboard; name = Base; path = Base.lproj/Main.storyboard; sourceTree = "<group>"; };
		797890DC2579BBB1008D044C /* Assets.xcassets */ = {isa = PBXFileReference; lastKnownFileType = folder.assetcatalog; path = Assets.xcassets; sourceTree = "<group>"; };
		797890DF2579BBB1008D044C /* Base */ = {isa = PBXFileReference; lastKnownFileType = file.storyboard; name = Base; path = Base.lproj/LaunchScreen.storyboard; sourceTree = "<group>"; };
		797890E12579BBB1008D044C /* Info.plist */ = {isa = PBXFileReference; lastKnownFileType = text.plist.xml; path = Info.plist; sourceTree = "<group>"; };
		797890E92579DA57008D044C /* img1.jpg */ = {isa = PBXFileReference; lastKnownFileType = image.jpeg; path = img1.jpg; sourceTree = "<group>"; };
		797890EB2579DA63008D044C /* img2.jpg */ = {isa = PBXFileReference; lastKnownFileType = image.jpeg; path = img2.jpg; sourceTree = "<group>"; };
		797890ED2579DA69008D044C /* img3.jpg */ = {isa = PBXFileReference; lastKnownFileType = image.jpeg; path = img3.jpg; sourceTree = "<group>"; };
		797890F12579DF6C008D044C /* ImageTapViewController.swift */ = {isa = PBXFileReference; lastKnownFileType = sourcecode.swift; path = ImageTapViewController.swift; sourceTree = "<group>"; };
/* End PBXFileReference section */

/* Begin PBXFrameworksBuildPhase section */
		797890CD2579BBB0008D044C /* Frameworks */ = {
			isa = PBXFrameworksBuildPhase;
			buildActionMask = 2147483647;
			files = (
			);
			runOnlyForDeploymentPostprocessing = 0;
		};
/* End PBXFrameworksBuildPhase section */

/* Begin PBXGroup section */
		797890C72579BBB0008D044C = {
			isa = PBXGroup;
			children = (
				797890D22579BBB0008D044C /* SlideshowApp */,
				797890D12579BBB0008D044C /* Products */,
			);
			sourceTree = "<group>";
		};
		797890D12579BBB0008D044C /* Products */ = {
			isa = PBXGroup;
			children = (
				797890D02579BBB0008D044C /* SlideshowApp.app */,
			);
			name = Products;
			sourceTree = "<group>";
		};
		797890D22579BBB0008D044C /* SlideshowApp */ = {
			isa = PBXGroup;
			children = (
				797890D32579BBB0008D044C /* AppDelegate.swift */,
				797890D52579BBB0008D044C /* SceneDelegate.swift */,
				797890D72579BBB0008D044C /* ViewController.swift */,
				797890F12579DF6C008D044C /* ImageTapViewController.swift */,
				797890D92579BBB0008D044C /* Main.storyboard */,
				797890DC2579BBB1008D044C /* Assets.xcassets */,
				797890E92579DA57008D044C /* img1.jpg */,
				797890EB2579DA63008D044C /* img2.jpg */,
				797890ED2579DA69008D044C /* img3.jpg */,
				797890DE2579BBB1008D044C /* LaunchScreen.storyboard */,
				797890E12579BBB1008D044C /* Info.plist */,
			);
			path = SlideshowApp;
			sourceTree = "<group>";
		};
/* End PBXGroup section */

/* Begin PBXNativeTarget section */
		797890CF2579BBB0008D044C /* SlideshowApp */ = {
			isa = PBXNativeTarget;
			buildConfigurationList = 797890E42579BBB1008D044C /* Build configuration list for PBXNativeTarget "SlideshowApp" */;
			buildPhases = (
				797890CC2579BBB0008D044C /* Sources */,
				797890CD2579BBB0008D044C /* Frameworks */,
				797890CE2579BBB0008D044C /* Resources */,
			);
			buildRules = (
			);
			dependencies = (
			);
			name = SlideshowApp;
			productName = SlideshowApp;
			productReference = 797890D02579BBB0008D044C /* SlideshowApp.app */;
			productType = "com.apple.product-type.application";
		};
/* End PBXNativeTarget section */

/* Begin PBXProject section */
		797890C82579BBB0008D044C /* Project object */ = {
			isa = PBXProject;
			attributes = {
				LastSwiftUpdateCheck = 1150;
				LastUpgradeCheck = 1150;
				ORGANIZATIONNAME = ayaka;
				TargetAttributes = {
					797890CF2579BBB0008D044C = {
						CreatedOnToolsVersion = 11.5;
					};
				};
			};
			buildConfigurationList = 797890CB2579BBB0008D044C /* Build configuration list for PBXProject "SlideshowApp" */;
			compatibilityVersion = "Xcode 9.3";
			developmentRegion = en;
			hasScannedForEncodings = 0;
			knownRegions = (
				en,
				Base,
			);
			mainGroup = 797890C72579BBB0008D044C;
			productRefGroup = 797890D12579BBB0008D044C /* Products */;
			projectDirPath = "";
			projectRoot = "";
			targets = (
				797890CF2579BBB0008D044C /* SlideshowApp */,
			);
		};
/* End PBXProject section */

/* Begin PBXResourcesBuildPhase section */
		797890CE2579BBB0008D044C /* Resources */ = {
			isa = PBXResourcesBuildPhase;
			buildActionMask = 2147483647;
			files = (
				797890E02579BBB1008D044C /* LaunchScreen.storyboard in Resources */,
				797890EE2579DA69008D044C /* img3.jpg in Resources */,
				797890EC2579DA63008D044C /* img2.jpg in Resources */,
				797890EA2579DA57008D044C /* img1.jpg in Resources */,
				797890DD2579BBB1008D044C /* Assets.xcassets in Resources */,
				797890DB2579BBB0008D044C /* Main.storyboard in Resources */,
			);
			runOnlyForDeploymentPostprocessing = 0;
		};
/* End PBXResourcesBuildPhase section */

/* Begin PBXSourcesBuildPhase section */
		797890CC2579BBB0008D044C /* Sources */ = {
			isa = PBXSourcesBuildPhase;
			buildActionMask = 2147483647;
			files = (
				797890D82579BBB0008D044C /* ViewController.swift in Sources */,
				797890D42579BBB0008D044C /* AppDelegate.swift in Sources */,
				797890F22579DF6C008D044C /* ImageTapViewController.swift in Sources */,
				797890D62579BBB0008D044C /* SceneDelegate.swift in Sources */,
			);
			runOnlyForDeploymentPostprocessing = 0;
		};
/* End PBXSourcesBuildPhase section */

/* Begin PBXVariantGroup section */
		797890D92579BBB0008D044C /* Main.storyboard */ = {
			isa = PBXVariantGroup;
			children = (
				797890DA2579BBB0008D044C /* Base */,
			);
			name = Main.storyboard;
			sourceTree = "<group>";
		};
		797890DE2579BBB1008D044C /* LaunchScreen.storyboard */ = {
			isa = PBXVariantGroup;
			children = (
				797890DF2579BBB1008D044C /* Base */,
			);
			name = LaunchScreen.storyboard;
			sourceTree = "<group>";
		};
/* End PBXVariantGroup section */

/* Begin XCBuildConfiguration section */
		797890E22579BBB1008D044C /* Debug */ = {
			isa = XCBuildConfiguration;
			buildSettings = {
				ALWAYS_SEARCH_USER_PATHS = NO;
				CLANG_ANALYZER_NONNULL = YES;
				CLANG_ANALYZER_NUMBER_OBJECT_CONVERSION = YES_AGGRESSIVE;
				CLANG_CXX_LANGUAGE_STANDARD = "gnu++14";
				CLANG_CXX_LIBRARY = "libc++";
				CLANG_ENABLE_MODULES = YES;
				CLANG_ENABLE_OBJC_ARC = YES;
				CLANG_ENABLE_OBJC_WEAK = YES;
				CLANG_WARN_BLOCK_CAPTURE_AUTORELEASING = YES;
				CLANG_WARN_BOOL_CONVERSION = YES;
				CLANG_WARN_COMMA = YES;
				CLANG_WARN_CONSTANT_CONVERSION = YES;
				CLANG_WARN_DEPRECATED_OBJC_IMPLEMENTATIONS = YES;
				CLANG_WARN_DIRECT_OBJC_ISA_USAGE = YES_ERROR;
				CLANG_WARN_DOCUMENTATION_COMMENTS = YES;
				CLANG_WARN_EMPTY_BODY = YES;
				CLANG_WARN_ENUM_CONVERSION = YES;
				CLANG_WARN_INFINITE_RECURSION = YES;
				CLANG_WARN_INT_CONVERSION = YES;
				CLANG_WARN_NON_LITERAL_NULL_CONVERSION = YES;
				CLANG_WARN_OBJC_IMPLICIT_RETAIN_SELF = YES;
				CLANG_WARN_OBJC_LITERAL_CONVERSION = YES;
				CLANG_WARN_OBJC_ROOT_CLASS = YES_ERROR;
				CLANG_WARN_RANGE_LOOP_ANALYSIS = YES;
				CLANG_WARN_STRICT_PROTOTYPES = YES;
				CLANG_WARN_SUSPICIOUS_MOVE = YES;
				CLANG_WARN_UNGUARDED_AVAILABILITY = YES_AGGRESSIVE;
				CLANG_WARN_UNREACHABLE_CODE = YES;
				CLANG_WARN__DUPLICATE_METHOD_MATCH = YES;
				COPY_PHASE_STRIP = NO;
				DEBUG_INFORMATION_FORMAT = dwarf;
				ENABLE_STRICT_OBJC_MSGSEND = YES;
				ENABLE_TESTABILITY = YES;
				GCC_C_LANGUAGE_STANDARD = gnu11;
				GCC_DYNAMIC_NO_PIC = NO;
				GCC_NO_COMMON_BLOCKS = YES;
				GCC_OPTIMIZATION_LEVEL = 0;
				GCC_PREPROCESSOR_DEFINITIONS = (
					"DEBUG=1",
					"$(inherited)",
				);
				GCC_WARN_64_TO_32_BIT_CONVERSION = YES;
				GCC_WARN_ABOUT_RETURN_TYPE = YES_ERROR;
				GCC_WARN_UNDECLARED_SELECTOR = YES;
				GCC_WARN_UNINITIALIZED_AUTOS = YES_AGGRESSIVE;
				GCC_WARN_UNUSED_FUNCTION = YES;
				GCC_WARN_UNUSED_VARIABLE = YES;
				IPHONEOS_DEPLOYMENT_TARGET = 13.5;
				MTL_ENABLE_DEBUG_INFO = INCLUDE_SOURCE;
				MTL_FAST_MATH = YES;
				ONLY_ACTIVE_ARCH = YES;
				SDKROOT = iphoneos;
				SWIFT_ACTIVE_COMPILATION_CONDITIONS = DEBUG;
				SWIFT_OPTIMIZATION_LEVEL = "-Onone";
			};
			name = Debug;
		};
		797890E32579BBB1008D044C /* Release */ = {
			isa = XCBuildConfiguration;
			buildSettings = {
				ALWAYS_SEARCH_USER_PATHS = NO;
				CLANG_ANALYZER_NONNULL = YES;
				CLANG_ANALYZER_NUMBER_OBJECT_CONVERSION = YES_AGGRESSIVE;
				CLANG_CXX_LANGUAGE_STANDARD = "gnu++14";
				CLANG_CXX_LIBRARY = "libc++";
				CLANG_ENABLE_MODULES = YES;
				CLANG_ENABLE_OBJC_ARC = YES;
				CLANG_ENABLE_OBJC_WEAK = YES;
				CLANG_WARN_BLOCK_CAPTURE_AUTORELEASING = YES;
				CLANG_WARN_BOOL_CONVERSION = YES;
				CLANG_WARN_COMMA = YES;
				CLANG_WARN_CONSTANT_CONVERSION = YES;
				CLANG_WARN_DEPRECATED_OBJC_IMPLEMENTATIONS = YES;
				CLANG_WARN_DIRECT_OBJC_ISA_USAGE = YES_ERROR;
				CLANG_WARN_DOCUMENTATION_COMMENTS = YES;
				CLANG_WARN_EMPTY_BODY = YES;
				CLANG_WARN_ENUM_CONVERSION = YES;
				CLANG_WARN_INFINITE_RECURSION = YES;
				CLANG_WARN_INT_CONVERSION = YES;
				CLANG_WARN_NON_LITERAL_NULL_CONVERSION = YES;
				CLANG_WARN_OBJC_IMPLICIT_RETAIN_SELF = YES;
				CLANG_WARN_OBJC_LITERAL_CONVERSION = YES;
				CLANG_WARN_OBJC_ROOT_CLASS = YES_ERROR;
				CLANG_WARN_RANGE_LOOP_ANALYSIS = YES;
				CLANG_WARN_STRICT_PROTOTYPES = YES;
				CLANG_WARN_SUSPICIOUS_MOVE = YES;
				CLANG_WARN_UNGUARDED_AVAILABILITY = YES_AGGRESSIVE;
				CLANG_WARN_UNREACHABLE_CODE = YES;
				CLANG_WARN__DUPLICATE_METHOD_MATCH = YES;
				COPY_PHASE_STRIP = NO;
				DEBUG_INFORMATION_FORMAT = "dwarf-with-dsym";
				ENABLE_NS_ASSERTIONS = NO;
				ENABLE_STRICT_OBJC_MSGSEND = YES;
				GCC_C_LANGUAGE_STANDARD = gnu11;
				GCC_NO_COMMON_BLOCKS = YES;
				GCC_WARN_64_TO_32_BIT_CONVERSION = YES;
				GCC_WARN_ABOUT_RETURN_TYPE = YES_ERROR;
				GCC_WARN_UNDECLARED_SELECTOR = YES;
				GCC_WARN_UNINITIALIZED_AUTOS = YES_AGGRESSIVE;
				GCC_WARN_UNUSED_FUNCTION = YES;
				GCC_WARN_UNUSED_VARIABLE = YES;
				IPHONEOS_DEPLOYMENT_TARGET = 13.5;
				MTL_ENABLE_DEBUG_INFO = NO;
				MTL_FAST_MATH = YES;
				SDKROOT = iphoneos;
				SWIFT_COMPILATION_MODE = wholemodule;
				SWIFT_OPTIMIZATION_LEVEL = "-O";
				VALIDATE_PRODUCT = YES;
			};
			name = Release;
		};
		797890E52579BBB1008D044C /* Debug */ = {
			isa = XCBuildConfiguration;
			buildSettings = {
				ASSETCATALOG_COMPILER_APPICON_NAME = AppIcon;
				CODE_SIGN_STYLE = Automatic;
				DEVELOPMENT_TEAM = D494GL385P;
				INFOPLIST_FILE = SlideshowApp/Info.plist;
				LD_RUNPATH_SEARCH_PATHS = (
					"$(inherited)",
					"@executable_path/Frameworks",
				);
				PRODUCT_BUNDLE_IDENTIFIER = jp.techacademy.ayaka.SlideshowApp;
				PRODUCT_NAME = "$(TARGET_NAME)";
				SWIFT_VERSION = 5.0;
				TARGETED_DEVICE_FAMILY = "1,2";
			};
			name = Debug;
		};
		797890E62579BBB1008D044C /* Release */ = {
			isa = XCBuildConfiguration;
			buildSettings = {
				ASSETCATALOG_COMPILER_APPICON_NAME = AppIcon;
				CODE_SIGN_STYLE = Automatic;
				DEVELOPMENT_TEAM = D494GL385P;
				INFOPLIST_FILE = SlideshowApp/Info.plist;
				LD_RUNPATH_SEARCH_PATHS = (
					"$(inherited)",
					"@executable_path/Frameworks",
				);
				PRODUCT_BUNDLE_IDENTIFIER = jp.techacademy.ayaka.SlideshowApp;
				PRODUCT_NAME = "$(TARGET_NAME)";
				SWIFT_VERSION = 5.0;
				TARGETED_DEVICE_FAMILY = "1,2";
			};
			name = Release;
		};
/* End XCBuildConfiguration section */

/* Begin XCConfigurationList section */
		797890CB2579BBB0008D044C /* Build configuration list for PBXProject "SlideshowApp" */ = {
			isa = XCConfigurationList;
			buildConfigurations = (
				797890E22579BBB1008D044C /* Debug */,
				797890E32579BBB1008D044C /* Release */,
			);
			defaultConfigurationIsVisible = 0;
			defaultConfigurationName = Release;
		};
		797890E42579BBB1008D044C /* Build configuration list for PBXNativeTarget "SlideshowApp" */ = {
			isa = XCConfigurationList;
			buildConfigurations = (
				797890E52579BBB1008D044C /* Debug */,
				797890E62579BBB1008D044C /* Release */,
			);
			defaultConfigurationIsVisible = 0;
			defaultConfigurationName = Release;
		};
/* End XCConfigurationList section */
	};
	rootObject = 797890C82579BBB0008D044C /* Project object */;
}
